
Microsoft Visual Studio Solution File, Format Version 12.00
# Visual Studio 15
VisualStudioVersion = 15.0.28307.902
MinimumVisualStudioVersion = 10.0.40219.1
Project("{9A19103F-16F7-4668-BE54-9A1E7A4F7556}") = "PasswordServerUI", "PasswordServerUI.csproj", "{D9BEDEF0-C4AC-4D76-92B9-FEC3212B81DA}"
EndProject
Global
	GlobalSection(SolutionConfigurationPlatforms) = preSolution
		Debug|Any CPU = Debug|Any CPU
		Release|Any CPU = Release|Any CPU
	EndGlobalSection
	GlobalSection(ProjectConfigurationPlatforms) = postSolution
		{D9BEDEF0-C4AC-4D76-92B9-FEC3212B81DA}.Debug|Any CPU.ActiveCfg = Debug|Any CPU
		{D9BEDEF0-C4AC-4D76-92B9-FEC3212B81DA}.Debug|Any CPU.Build.0 = Debug|Any CPU
		{D9BEDEF0-C4AC-4D76-92B9-FEC3212B81DA}.Release|Any CPU.ActiveCfg = Release|Any CPU
		{D9BEDEF0-C4AC-4D76-92B9-FEC3212B81DA}.Release|Any CPU.Build.0 = Release|Any CPU
	EndGlobalSection
	GlobalSection(SolutionProperties) = preSolution
		HideSolutionNode = FALSE
	EndGlobalSection
	GlobalSection(ExtensibilityGlobals) = postSolution
		SolutionGuid = {3DA5684F-F6B9-4B6B-9674-970DE7D8D3B0}
	EndGlobalSection
EndGlobal
